// !$*UTF8*$!
{
	archiveVersion = 1;
	classes = {
	};
	objectVersion = 110;
	objects = {

/* Begin PBXContainerItemProxy section */
		BEE6DB3A306599BF005FE344 /* PBXContainerItemProxy */ = {
			isa = PBXContainerItemProxy;
			containerPortal = BEE6DB22306599BE005FE344 /* Project object */;
			proxyType = 1;
			remoteGlobalIDString = BEE6DB29306599BE005FE344;
			remoteInfo = JaryneticsUtility;
		};
		BEE6DB44306599BF005FE344 /* PBXContainerItemProxy */ = {
			isa = PBXContainerItemProxy;
			containerPortal = BEE6DB22306599BE005FE344 /* Project object */;
			proxyType = 1;
			remoteGlobalIDString = BEE6DB29306599BE005FE344;
			remoteInfo = JaryneticsUtility;
		};
/* End PBXContainerItemProxy section */

/* Begin PBXFileReference section */
		BEE6DB2A306599BE005FE344 /* JaryneticsUtility.app */ = {isa = PBXFileReference; explicitFileType = wrapper.application; includeInIndex = 0; path = JaryneticsUtility.app; sourceTree = BUILT_PRODUCTS_DIR; };
		BEE6DB39306599BF005FE344 /* JaryneticsUtilityTests.xctest */ = {isa = PBXFileReference; explicitFileType = wrapper.cfbundle; includeInIndex = 0; path = JaryneticsUtilityTests.xctest; sourceTree = BUILT_PRODUCTS_DIR; };
		BEE6DB43306599BF005FE344 /* JaryneticsUtilityUITests.xctest */ = {isa = PBXFileReference; explicitFileType = wrapper.cfbundle; includeInIndex = 0; path = JaryneticsUtilityUITests.xctest; sourceTree = BUILT_PRODUCTS_DIR; };
/* End PBXFileReference section */

/* Begin PBXFileSystemSynchronizedRootGroup section */
		BEE6DB2C306599BE005FE344 /* JaryneticsUtility */ = {
			isa = PBXFileSystemSynchronizedRootGroup;
			path = JaryneticsUtility;
			sourceTree = "<group>";
		};
		BEE6DB3C306599BF005FE344 /* JaryneticsUtilityTests */ = {
			isa = PBXFileSystemSynchronizedRootGroup;
			path = JaryneticsUtilityTests;
			sourceTree = "<group>";
		};
		BEE6DB46306599BF005FE344 /* JaryneticsUtilityUITests */ = {
			isa = PBXFileSystemSynchronizedRootGroup;
			path = JaryneticsUtilityUITests;
			sourceTree = "<group>";
		};
/* End PBXFileSystemSynchronizedRootGroup section */

/* Begin PBXFrameworksBuildPhase section */
		BEE6DB27306599BE005FE344 /* Frameworks */ = {
			isa = PBXFrameworksBuildPhase;
			files = (
			);
		};
		BEE6DB36306599BF005FE344 /* Frameworks */ = {
			isa = PBXFrameworksBuildPhase;
			files = (
			);
		};
		BEE6DB40306599BF005FE344 /* Frameworks */ = {
			isa = PBXFrameworksBuildPhase;
			files = (
			);
		};
/* End PBXFrameworksBuildPhase section */

/* Begin PBXGroup section */
		BEE6DB21306599BE005FE344 = {
			isa = PBXGroup;
			children = (
				BEE6DB2C306599BE005FE344 /* JaryneticsUtility */,
				BEE6DB3C306599BF005FE344 /* JaryneticsUtilityTests */,
				BEE6DB46306599BF005FE344 /* JaryneticsUtilityUITests */,
				BEE6DB2B306599BE005FE344 /* Products */,
			);
			sourceTree = "<group>";
		};
		BEE6DB2B306599BE005FE344 /* Products */ = {
			isa = PBXGroup;
			children = (
				BEE6DB2A306599BE005FE344 /* JaryneticsUtility.app */,
				BEE6DB39306599BF005FE344 /* JaryneticsUtilityTests.xctest */,
				BEE6DB43306599BF005FE344 /* JaryneticsUtilityUITests.xctest */,
			);
			name = Products;
			sourceTree = "<group>";
		};
/* End PBXGroup section */

/* Begin PBXNativeTarget section */
		BEE6DB29306599BE005FE344 /* JaryneticsUtility */ = {
			isa = PBXNativeTarget;
			buildConfigurationList = BEE6DB4B306599BF005FE344 /* Build configuration list for PBXNativeTarget "JaryneticsUtility" */;
			buildPhases = (
				BEE6DB26306599BE005FE344 /* Sources */,
				BEE6DB27306599BE005FE344 /* Frameworks */,
				BEE6DB28306599BE005FE344 /* Resources */,
			);
			buildRules = (
			);
			fileSystemSynchronizedGroups = (
				BEE6DB2C306599BE005FE344 /* JaryneticsUtility */,
			);
			name = JaryneticsUtility;
			productName = JaryneticsUtility;
			productReference = BEE6DB2A306599BE005FE344 /* JaryneticsUtility.app */;
			productType = "com.apple.product-type.application";
		};
		BEE6DB38306599BF005FE344 /* JaryneticsUtilityTests */ = {
			isa = PBXNativeTarget;
			buildConfigurationList = BEE6DB4E306599BF005FE344 /* Build configuration list for PBXNativeTarget "JaryneticsUtilityTests" */;
			buildPhases = (
				BEE6DB35306599BF005FE344 /* Sources */,
				BEE6DB36306599BF005FE344 /* Frameworks */,
				BEE6DB37306599BF005FE344 /* Resources */,
			);
			buildRules = (
			);
			dependencies = (
				BEE6DB3B306599BF005FE344 /* PBXTargetDependency */,
			);
			fileSystemSynchronizedGroups = (
				BEE6DB3C306599BF005FE344 /* JaryneticsUtilityTests */,
			);
			name = JaryneticsUtilityTests;
			productName = JaryneticsUtilityTests;
			productReference = BEE6DB39306599BF005FE344 /* JaryneticsUtilityTests.xctest */;
			productType = "com.apple.product-type.bundle.unit-test";
		};
		BEE6DB42306599BF005FE344 /* JaryneticsUtilityUITests */ = {
			isa = PBXNativeTarget;
			buildConfigurationList = BEE6DB51306599BF005FE344 /* Build configuration list for PBXNativeTarget "JaryneticsUtilityUITests" */;
			buildPhases = (
				BEE6DB3F306599BF005FE344 /* Sources */,
				BEE6DB40306599BF005FE344 /* Frameworks */,
				BEE6DB41306599BF005FE344 /* Resources */,
			);
			buildRules = (
			);
			dependencies = (
				BEE6DB45306599BF005FE344 /* PBXTargetDependency */,
			);
			fileSystemSynchronizedGroups = (
				BEE6DB46306599BF005FE344 /* JaryneticsUtilityUITests */,
			);
			name = JaryneticsUtilityUITests;
			productName = JaryneticsUtilityUITests;
			productReference = BEE6DB43306599BF005FE344 /* JaryneticsUtilityUITests.xctest */;
			productType = "com.apple.product-type.bundle.ui-testing";
		};
/* End PBXNativeTarget section */

/* Begin PBXProject section */
		BEE6DB22306599BE005FE344 /* Project object */ = {
			isa = PBXProject;
			attributes = {
				BuildIndependentTargetsInParallel = 1;
				LastSwiftUpdateCheck = 2700;
				LastUpgradeCheck = 2700;
				TargetAttributes = {
					BEE6DB29306599BE005FE344 = {
						CreatedOnToolsVersion = 27.0;
					};
					BEE6DB38306599BF005FE344 = {
						CreatedOnToolsVersion = 27.0;
						TestTargetID = BEE6DB29306599BE005FE344;
					};
					BEE6DB42306599BF005FE344 = {
						CreatedOnToolsVersion = 27.0;
						TestTargetID = BEE6DB29306599BE005FE344;
					};
				};
			};
			buildConfigurationList = BEE6DB25306599BE005FE344 /* Build configuration list for PBXProject "JaryneticsUtility" */;
			developmentRegion = en;
			hasScannedForEncodings = 0;
			knownRegions = (
				en,
				Base,
			);
			mainGroup = BEE6DB21306599BE005FE344;
			minimizedProjectReferenceProxies = 1;
			preferredProjectObjectVersion = 77;
			productRefGroup = BEE6DB2B306599BE005FE344 /* Products */;
			projectDirPath = "";
			projectRoot = "";
			targets = (
				BEE6DB29306599BE005FE344 /* JaryneticsUtility */,
				BEE6DB38306599BF005FE344 /* JaryneticsUtilityTests */,
				BEE6DB42306599BF005FE344 /* JaryneticsUtilityUITests */,
			);
		};
/* End PBXProject section */

/* Begin PBXResourcesBuildPhase section */
		BEE6DB28306599BE005FE344 /* Resources */ = {
			isa = PBXResourcesBuildPhase;
			files = (
			);
		};
		BEE6DB37306599BF005FE344 /* Resources */ = {
			isa = PBXResourcesBuildPhase;
			files = (
			);
		};
		BEE6DB41306599BF005FE344 /* Resources */ = {
			isa = PBXResourcesBuildPhase;
			files = (
			);
		};
/* End PBXResourcesBuildPhase section */

/* Begin PBXSourcesBuildPhase section */
		BEE6DB26306599BE005FE344 /* Sources */ = {
			isa = PBXSourcesBuildPhase;
			files = (
			);
		};
		BEE6DB35306599BF005FE344 /* Sources */ = {
			isa = PBXSourcesBuildPhase;
			files = (
			);
		};
		BEE6DB3F306599BF005FE344 /* Sources */ = {
			isa = PBXSourcesBuildPhase;
			files = (
			);
		};
/* End PBXSourcesBuildPhase section */

/* Begin PBXTargetDependency section */
		BEE6DB3B306599BF005FE344 /* PBXTargetDependency */ = {
			isa = PBXTargetDependency;
			target = BEE6DB29306599BE005FE344 /* JaryneticsUtility */;
			targetProxy = BEE6DB3A306599BF005FE344 /* PBXContainerItemProxy */;
		};
		BEE6DB45306599BF005FE344 /* PBXTargetDependency */ = {
			isa = PBXTargetDependency;
			target = BEE6DB29306599BE005FE344 /* JaryneticsUtility */;
			targetProxy = BEE6DB44306599BF005FE344 /* PBXContainerItemProxy */;
		};
/* End PBXTargetDependency section */

/* Begin XCBuildConfiguration section */
		BEE6DB49306599BF005FE344 /* Debug configuration for PBXProject "JaryneticsUtility" */ = {
			isa = XCBuildConfiguration;
			buildSettings = {
				ALWAYS_SEARCH_USER_PATHS = NO;
				ASSETCATALOG_COMPILER_GENERATE_SWIFT_ASSET_SYMBOL_EXTENSIONS = YES;
				CLANG_ANALYZER_NONNULL = YES;
				CLANG_ANALYZER_NUMBER_OBJECT_CONVERSION = YES_AGGRESSIVE;
				CLANG_CXX_LANGUAGE_STANDARD = "gnu++20";
				CLANG_ENABLE_MODULES = YES;
				CLANG_ENABLE_OBJC_ARC = YES;
				CLANG_ENABLE_OBJC_WEAK = YES;
				CLANG_WARN_BLOCK_CAPTURE_AUTORELEASING = YES;
				CLANG_WARN_BOOL_CONVERSION = YES;
				CLANG_WARN_COMMA = YES;
				CLANG_WARN_CONSTANT_CONVERSION = YES;
				CLANG_WARN_DEPRECATED_OBJC_IMPLEMENTATIONS = YES;
				CLANG_WARN_DIRECT_OBJC_ISA_USAGE = YES_ERROR;
				CLANG_WARN_DOCUMENTATION_COMMENTS = YES;
				CLANG_WARN_EMPTY_BODY = YES;
				CLANG_WARN_ENUM_CONVERSION = YES;
				CLANG_WARN_INFINITE_RECURSION = YES;
				CLANG_WARN_INT_CONVERSION = YES;
				CLANG_WARN_NON_LITERAL_NULL_CONVERSION = YES;
				CLANG_WARN_OBJC_IMPLICIT_RETAIN_SELF = YES;
				CLANG_WARN_OBJC_LITERAL_CONVERSION = YES;
				CLANG_WARN_OBJC_ROOT_CLASS = YES_ERROR;
				CLANG_WARN_QUOTED_INCLUDE_IN_FRAMEWORK_HEADER = YES;
				CLANG_WARN_RANGE_LOOP_ANALYSIS = YES;
				CLANG_WARN_STRICT_PROTOTYPES = YES;
				CLANG_WARN_SUSPICIOUS_MOVE = YES;
				CLANG_WARN_UNGUARDED_AVAILABILITY = YES_AGGRESSIVE;
				CLANG_WARN_UNREACHABLE_CODE = YES;
				CLANG_WARN__DUPLICATE_METHOD_MATCH = YES;
				COPY_PHASE_STRIP = NO;
				DEBUG_INFORMATION_FORMAT = dwarf;
				DEVELOPMENT_TEAM = 52S6JHWQA4;
				ENABLE_STRICT_OBJC_MSGSEND = YES;
				ENABLE_TESTABILITY = YES;
				ENABLE_USER_SCRIPT_SANDBOXING = YES;
				GCC_C_LANGUAGE_STANDARD = gnu17;
				GCC_DYNAMIC_NO_PIC = NO;
				GCC_NO_COMMON_BLOCKS = YES;
				GCC_OPTIMIZATION_LEVEL = 0;
				GCC_PREPROCESSOR_DEFINITIONS = (
					"DEBUG=1",
					"$(inherited)",
				);
				GCC_WARN_64_TO_32_BIT_CONVERSION = YES;
				GCC_WARN_ABOUT_RETURN_TYPE = YES_ERROR;
				GCC_WARN_UNDECLARED_SELECTOR = YES;
				GCC_WARN_UNINITIALIZED_AUTOS = YES_AGGRESSIVE;
				GCC_WARN_UNUSED_FUNCTION = YES;
				GCC_WARN_UNUSED_VARIABLE = YES;
				IPHONEOS_DEPLOYMENT_TARGET = 27.0;
				LOCALIZATION_PREFERS_STRING_CATALOGS = YES;
				MTL_ENABLE_DEBUG_INFO = INCLUDE_SOURCE;
				MTL_FAST_MATH = YES;
				ONLY_ACTIVE_ARCH = YES;
				SDKROOT = iphoneos;
				SWIFT_ACTIVE_COMPILATION_CONDITIONS = "DEBUG $(inherited)";
				SWIFT_OPTIMIZATION_LEVEL = "-Onone";
			};
			name = Debug;
		};
		BEE6DB4A306599BF005FE344 /* Release configuration for PBXProject "JaryneticsUtility" */ = {
			isa = XCBuildConfiguration;
			buildSettings = {
				ALWAYS_SEARCH_USER_PATHS = NO;
				ASSETCATALOG_COMPILER_GENERATE_SWIFT_ASSET_SYMBOL_EXTENSIONS = YES;
				CLANG_ANALYZER_NONNULL = YES;
				CLANG_ANALYZER_NUMBER_OBJECT_CONVERSION = YES_AGGRESSIVE;
				CLANG_CXX_LANGUAGE_STANDARD = "gnu++20";
				CLANG_ENABLE_MODULES = YES;
				CLANG_ENABLE_OBJC_ARC = YES;
				CLANG_ENABLE_OBJC_WEAK = YES;
				CLANG_WARN_BLOCK_CAPTURE_AUTORELEASING = YES;
				CLANG_WARN_BOOL_CONVERSION = YES;
				CLANG_WARN_COMMA = YES;
				CLANG_WARN_CONSTANT_CONVERSION = YES;
				CLANG_WARN_DEPRECATED_OBJC_IMPLEMENTATIONS = YES;
				CLANG_WARN_DIRECT_OBJC_ISA_USAGE = YES_ERROR;
				CLANG_WARN_DOCUMENTATION_COMMENTS = YES;
				CLANG_WARN_EMPTY_BODY = YES;
				CLANG_WARN_ENUM_CONVERSION = YES;
				CLANG_WARN_INFINITE_RECURSION = YES;
				CLANG_WARN_INT_CONVERSION = YES;
				CLANG_WARN_NON_LITERAL_NULL_CONVERSION = YES;
				CLANG_WARN_OBJC_IMPLICIT_RETAIN_SELF = YES;
				CLANG_WARN_OBJC_LITERAL_CONVERSION = YES;
				CLANG_WARN_OBJC_ROOT_CLASS = YES_ERROR;
				CLANG_WARN_QUOTED_INCLUDE_IN_FRAMEWORK_HEADER = YES;
				CLANG_WARN_RANGE_LOOP_ANALYSIS = YES;
				CLANG_WARN_STRICT_PROTOTYPES = YES;
				CLANG_WARN_SUSPICIOUS_MOVE = YES;
				CLANG_WARN_UNGUARDED_AVAILABILITY = YES_AGGRESSIVE;
				CLANG_WARN_UNREACHABLE_CODE = YES;
				CLANG_WARN__DUPLICATE_METHOD_MATCH = YES;
				COPY_PHASE_STRIP = NO;
				DEBUG_INFORMATION_FORMAT = "dwarf-with-dsym";
				DEVELOPMENT_TEAM = 52S6JHWQA4;
				ENABLE_NS_ASSERTIONS = NO;
				ENABLE_STRICT_OBJC_MSGSEND = YES;
				ENABLE_USER_SCRIPT_SANDBOXING = YES;
				GCC_C_LANGUAGE_STANDARD = gnu17;
				GCC_NO_COMMON_BLOCKS = YES;
				GCC_WARN_64_TO_32_BIT_CONVERSION = YES;
				GCC_WARN_ABOUT_RETURN_TYPE = YES_ERROR;
				GCC_WARN_UNDECLARED_SELECTOR = YES;
				GCC_WARN_UNINITIALIZED_AUTOS = YES_AGGRESSIVE;
				GCC_WARN_UNUSED_FUNCTION = YES;
				GCC_WARN_UNUSED_VARIABLE = YES;
				IPHONEOS_DEPLOYMENT_TARGET = 27.0;
				LOCALIZATION_PREFERS_STRING_CATALOGS = YES;
				MTL_ENABLE_DEBUG_INFO = NO;
				MTL_FAST_MATH = YES;
				SDKROOT = iphoneos;
				SWIFT_COMPILATION_MODE = wholemodule;
				VALIDATE_PRODUCT = YES;
			};
			name = Release;
		};
		BEE6DB4C306599BF005FE344 /* Debug configuration for PBXNativeTarget "JaryneticsUtility" */ = {
			isa = XCBuildConfiguration;
			buildSettings = {
				ASSETCATALOG_COMPILER_APPICON_NAME = AppIcon;
				ASSETCATALOG_COMPILER_GLOBAL_ACCENT_COLOR_NAME = AccentColor;
				CODE_SIGN_STYLE = Automatic;
				CURRENT_PROJECT_VERSION = 1;
				DEVELOPMENT_TEAM = 52S6JHWQA4;
				ENABLE_PREVIEWS = YES;
				GENERATE_INFOPLIST_FILE = YES;
				INFOPLIST_KEY_UIApplicationSceneManifest_Generation = YES;
				INFOPLIST_KEY_UIApplicationSupportsIndirectInputEvents = YES;
				INFOPLIST_KEY_UILaunchScreen_Generation = YES;
				INFOPLIST_KEY_UISupportedInterfaceOrientations_iPad = "UIInterfaceOrientationPortrait UIInterfaceOrientationPortraitUpsideDown UIInterfaceOrientationLandscapeLeft UIInterfaceOrientationLandscapeRight";
				INFOPLIST_KEY_UISupportedInterfaceOrientations_iPhone = "UIInterfaceOrientationPortrait UIInterfaceOrientationLandscapeLeft UIInterfaceOrientationLandscapeRight";
				LD_RUNPATH_SEARCH_PATHS = (
					"$(inherited)",
					"@executable_path/Frameworks",
				);
				MARKETING_VERSION = 1.0;
				PRODUCT_BUNDLE_IDENTIFIER = com.jarynetics.JaryneticsUtility;
				PRODUCT_NAME = "$(TARGET_NAME)";
				STRING_CATALOG_GENERATE_SYMBOLS = YES;
				SWIFT_APPROACHABLE_CONCURRENCY = YES;
				SWIFT_DEFAULT_ACTOR_ISOLATION = MainActor;
				SWIFT_EMIT_LOC_STRINGS = YES;
				SWIFT_UPCOMING_FEATURE_MEMBER_IMPORT_VISIBILITY = YES;
				SWIFT_VERSION = 5.0;
				TARGETED_DEVICE_FAMILY = "1,2";
			};
			name = Debug;
		};
		BEE6DB4D306599BF005FE344 /* Release configuration for PBXNativeTarget "JaryneticsUtility" */ = {
			isa = XCBuildConfiguration;
			buildSettings = {
				ASSETCATALOG_COMPILER_APPICON_NAME = AppIcon;
				ASSETCATALOG_COMPILER_GLOBAL_ACCENT_COLOR_NAME = AccentColor;
				CODE_SIGN_STYLE = Automatic;
				CURRENT_PROJECT_VERSION = 1;
				DEVELOPMENT_TEAM = 52S6JHWQA4;
				ENABLE_PREVIEWS = YES;
				GENERATE_INFOPLIST_FILE = YES;
				INFOPLIST_KEY_UIApplicationSceneManifest_Generation = YES;
				INFOPLIST_KEY_UIApplicationSupportsIndirectInputEvents = YES;
				INFOPLIST_KEY_UILaunchScreen_Generation = YES;
				INFOPLIST_KEY_UISupportedInterfaceOrientations_iPad = "UIInterfaceOrientationPortrait UIInterfaceOrientationPortraitUpsideDown UIInterfaceOrientationLandscapeLeft UIInterfaceOrientationLandscapeRight";
				INFOPLIST_KEY_UISupportedInterfaceOrientations_iPhone = "UIInterfaceOrientationPortrait UIInterfaceOrientationLandscapeLeft UIInterfaceOrientationLandscapeRight";
				LD_RUNPATH_SEARCH_PATHS = (
					"$(inherited)",
					"@executable_path/Frameworks",
				);
				MARKETING_VERSION = 1.0;
				PRODUCT_BUNDLE_IDENTIFIER = com.jarynetics.JaryneticsUtility;
				PRODUCT_NAME = "$(TARGET_NAME)";
				STRING_CATALOG_GENERATE_SYMBOLS = YES;
				SWIFT_APPROACHABLE_CONCURRENCY = YES;
				SWIFT_DEFAULT_ACTOR_ISOLATION = MainActor;
				SWIFT_EMIT_LOC_STRINGS = YES;
				SWIFT_UPCOMING_FEATURE_MEMBER_IMPORT_VISIBILITY = YES;
				SWIFT_VERSION = 5.0;
				TARGETED_DEVICE_FAMILY = "1,2";
			};
			name = Release;
		};
		BEE6DB4F306599BF005FE344 /* Debug configuration for PBXNativeTarget "JaryneticsUtilityTests" */ = {
			isa = XCBuildConfiguration;
			buildSettings = {
				BUNDLE_LOADER = "$(TEST_HOST)";
				CODE_SIGN_STYLE = Automatic;
				CURRENT_PROJECT_VERSION = 1;
				DEVELOPMENT_TEAM = 52S6JHWQA4;
				GENERATE_INFOPLIST_FILE = YES;
				IPHONEOS_DEPLOYMENT_TARGET = 27.0;
				MARKETING_VERSION = 1.0;
				PRODUCT_BUNDLE_IDENTIFIER = com.jarynetics.JaryneticsUtilityTests;
				PRODUCT_NAME = "$(TARGET_NAME)";
				STRING_CATALOG_GENERATE_SYMBOLS = NO;
				SWIFT_APPROACHABLE_CONCURRENCY = YES;
				SWIFT_EMIT_LOC_STRINGS = NO;
				SWIFT_UPCOMING_FEATURE_MEMBER_IMPORT_VISIBILITY = YES;
				SWIFT_VERSION = 5.0;
				TARGETED_DEVICE_FAMILY = "1,2";
				TEST_HOST = "$(BUILT_PRODUCTS_DIR)/JaryneticsUtility.app/$(BUNDLE_EXECUTABLE_FOLDER_PATH)/JaryneticsUtility";
			};
			name = Debug;
		};
		BEE6DB50306599BF005FE344 /* Release configuration for PBXNativeTarget "JaryneticsUtilityTests" */ = {
			isa = XCBuildConfiguration;
			buildSettings = {
				BUNDLE_LOADER = "$(TEST_HOST)";
				CODE_SIGN_STYLE = Automatic;
				CURRENT_PROJECT_VERSION = 1;
				DEVELOPMENT_TEAM = 52S6JHWQA4;
				GENERATE_INFOPLIST_FILE = YES;
				IPHONEOS_DEPLOYMENT_TARGET = 27.0;
				MARKETING_VERSION = 1.0;
				PRODUCT_BUNDLE_IDENTIFIER = com.jarynetics.JaryneticsUtilityTests;
				PRODUCT_NAME = "$(TARGET_NAME)";
				STRING_CATALOG_GENERATE_SYMBOLS = NO;
				SWIFT_APPROACHABLE_CONCURRENCY = YES;
				SWIFT_EMIT_LOC_STRINGS = NO;
				SWIFT_UPCOMING_FEATURE_MEMBER_IMPORT_VISIBILITY = YES;
				SWIFT_VERSION = 5.0;
				TARGETED_DEVICE_FAMILY = "1,2";
				TEST_HOST = "$(BUILT_PRODUCTS_DIR)/JaryneticsUtility.app/$(BUNDLE_EXECUTABLE_FOLDER_PATH)/JaryneticsUtility";
			};
			name = Release;
		};
		BEE6DB52306599BF005FE344 /* Debug configuration for PBXNativeTarget "JaryneticsUtilityUITests" */ = {
			isa = XCBuildConfiguration;
			buildSettings = {
				CODE_SIGN_STYLE = Automatic;
				CURRENT_PROJECT_VERSION = 1;
				DEVELOPMENT_TEAM = 52S6JHWQA4;
				GENERATE_INFOPLIST_FILE = YES;
				MARKETING_VERSION = 1.0;
				PRODUCT_BUNDLE_IDENTIFIER = com.jarynetics.JaryneticsUtilityUITests;
				PRODUCT_NAME = "$(TARGET_NAME)";
				STRING_CATALOG_GENERATE_SYMBOLS = NO;
				SWIFT_APPROACHABLE_CONCURRENCY = YES;
				SWIFT_EMIT_LOC_STRINGS = NO;
				SWIFT_UPCOMING_FEATURE_MEMBER_IMPORT_VISIBILITY = YES;
				SWIFT_VERSION = 5.0;
				TARGETED_DEVICE_FAMILY = "1,2";
				TEST_TARGET_NAME = JaryneticsUtility;
			};
			name = Debug;
		};
		BEE6DB53306599BF005FE344 /* Release configuration for PBXNativeTarget "JaryneticsUtilityUITests" */ = {
			isa = XCBuildConfiguration;
			buildSettings = {
				CODE_SIGN_STYLE = Automatic;
				CURRENT_PROJECT_VERSION = 1;
				DEVELOPMENT_TEAM = 52S6JHWQA4;
				GENERATE_INFOPLIST_FILE = YES;
				MARKETING_VERSION = 1.0;
				PRODUCT_BUNDLE_IDENTIFIER = com.jarynetics.JaryneticsUtilityUITests;
				PRODUCT_NAME = "$(TARGET_NAME)";
				STRING_CATALOG_GENERATE_SYMBOLS = NO;
				SWIFT_APPROACHABLE_CONCURRENCY = YES;
				SWIFT_EMIT_LOC_STRINGS = NO;
				SWIFT_UPCOMING_FEATURE_MEMBER_IMPORT_VISIBILITY = YES;
				SWIFT_VERSION = 5.0;
				TARGETED_DEVICE_FAMILY = "1,2";
				TEST_TARGET_NAME = JaryneticsUtility;
			};
			name = Release;
		};
/* End XCBuildConfiguration section */

/* Begin XCConfigurationList section */
		BEE6DB25306599BE005FE344 /* Build configuration list for PBXProject "JaryneticsUtility" */ = {
			isa = XCConfigurationList;
			buildConfigurations = (
				BEE6DB49306599BF005FE344 /* Debug configuration for PBXProject "JaryneticsUtility" */,
				BEE6DB4A306599BF005FE344 /* Release configuration for PBXProject "JaryneticsUtility" */,
			);
			defaultConfigurationName = Release;
		};
		BEE6DB4B306599BF005FE344 /* Build configuration list for PBXNativeTarget "JaryneticsUtility" */ = {
			isa = XCConfigurationList;
			buildConfigurations = (
				BEE6DB4C306599BF005FE344 /* Debug configuration for PBXNativeTarget "JaryneticsUtility" */,
				BEE6DB4D306599BF005FE344 /* Release configuration for PBXNativeTarget "JaryneticsUtility" */,
			);
			defaultConfigurationName = Release;
		};
		BEE6DB4E306599BF005FE344 /* Build configuration list for PBXNativeTarget "JaryneticsUtilityTests" */ = {
			isa = XCConfigurationList;
			buildConfigurations = (
				BEE6DB4F306599BF005FE344 /* Debug configuration for PBXNativeTarget "JaryneticsUtilityTests" */,
				BEE6DB50306599BF005FE344 /* Release configuration for PBXNativeTarget "JaryneticsUtilityTests" */,
			);
			defaultConfigurationName = Release;
		};
		BEE6DB51306599BF005FE344 /* Build configuration list for PBXNativeTarget "JaryneticsUtilityUITests" */ = {
			isa = XCConfigurationList;
			buildConfigurations = (
				BEE6DB52306599BF005FE344 /* Debug configuration for PBXNativeTarget "JaryneticsUtilityUITests" */,
				BEE6DB53306599BF005FE344 /* Release configuration for PBXNativeTarget "JaryneticsUtilityUITests" */,
			);
			defaultConfigurationName = Release;
		};
/* End XCConfigurationList section */
	};
	rootObject = BEE6DB22306599BE005FE344 /* Project object */;
	validationLevel = 1;
}
